{"1.1.0",
[{<<"bear">>,{pkg,<<"bear">>,<<"0.8.5">>},2},
 {<<"eper">>,{pkg,<<"eper">>,<<"0.99.1">>},0},
 {<<"exometer">>,
  {git,"git@github.com:esl/exometer_core.git",
       {ref,"de97a458653b6d5fa424b843e76832f61ad46672"}},
  0},
 {<<"folsom">>,{pkg,<<"folsom">>,<<"0.8.5">>},1},
 {<<"gen_rpc">>,
  {git,"https://github.com/priestjim/gen_rpc.git",
       {ref,"6e17cac4e886f36ecb35bbda91e6bb3293aaa723"}},
  0},
 {<<"goldrush">>,{pkg,<<"goldrush">>,<<"0.1.9">>},1},
 {<<"hut">>,{pkg,<<"hut">>,<<"1.2.0">>},1},
 {<<"lager">>,
  {git,"git@github.com:erlang-lager/lager.git",
       {ref,"bf60290101306b3cc26544d0d181a5cff8931e82"}},
  0},
 {<<"parse_trans">>,{pkg,<<"parse_trans">>,<<"3.1.0">>},1},
 {<<"recon">>,{pkg,<<"recon">>,<<"2.3.6">>},0},
 {<<"ssl_verify_fun">>,{pkg,<<"ssl_verify_fun">>,<<"1.1.4">>},1}]}.
[
{pkg_hash,[
 {<<"bear">>, <<"E95FCA1627CD9E15BAF93CE0A52AFF16917BAF325F0EE65B88CD715376CD2344">>},
 {<<"eper">>, <<"A50698B6803B8732AD6575285320999FE73E160A1A9FF7EFCAB6B6F818BD2C1F">>},
 {<<"folsom">>, <<"94A027B56FE84FEED264F9B33CB4C6AC9A801FAD84B87DBDA0836CE83C3B8D69">>},
 {<<"goldrush">>, <<"F06E5D5F1277DA5C413E84D5A2924174182FB108DABB39D5EC548B27424CD106">>},
 {<<"hut">>, <<"0089DF0FAA2827C605BBADA88153F24FFF5EA7A4BE32ECF0250A7FDC2719CAFB">>},
 {<<"parse_trans">>, <<"1BAD3B959941CC53FFD6F4769A5D2666F9CDF179B2D62826636497D3FBAD9EC0">>},
 {<<"recon">>, <<"2BCAD0CF621FB277CABBB6413159CD3AA30265C2DEE42C968697988B30108604">>},
 {<<"ssl_verify_fun">>, <<"F0EAFFF810D2041E93F915EF59899C923F4568F4585904D010387ED74988E77B">>}]}
].
